
Microsoft Visual Studio Solution File, Format Version 12.00
# Visual Studio Version 16
VisualStudioVersion = 16.0.30717.126
MinimumVisualStudioVersion = 10.0.40219.1
Project("{FAE04EC0-301F-11D3-BF4B-00C04F79EFBC}") = "Final Projesi - 1", "Final Projesi - 1\Final Projesi - 1.csproj", "{911A2F54-189D-4AD4-B674-F8D45D1BBCA8}"
EndProject
Global
	GlobalSection(SolutionConfigurationPlatforms) = preSolution
		Debug|Any CPU = Debug|Any CPU
		Release|Any CPU = Release|Any CPU
	EndGlobalSection
	GlobalSection(ProjectConfigurationPlatforms) = postSolution
		{911A2F54-189D-4AD4-B674-F8D45D1BBCA8}.Debug|Any CPU.ActiveCfg = Debug|Any CPU
		{911A2F54-189D-4AD4-B674-F8D45D1BBCA8}.Debug|Any CPU.Build.0 = Debug|Any CPU
		{911A2F54-189D-4AD4-B674-F8D45D1BBCA8}.Release|Any CPU.ActiveCfg = Release|Any CPU
		{911A2F54-189D-4AD4-B674-F8D45D1BBCA8}.Release|Any CPU.Build.0 = Release|Any CPU
	EndGlobalSection
	GlobalSection(SolutionProperties) = preSolution
		HideSolutionNode = FALSE
	EndGlobalSection
	GlobalSection(ExtensibilityGlobals) = postSolution
		SolutionGuid = {E71A98DB-AC75-4D74-A74A-0B87CE21B529}
	EndGlobalSection
EndGlobal
